github.com/corpix/uarand v0.2.0 h1:JVeZ5/WyN2TPOrN7xHXqFirfUq7ijP44lWqYgEHzr4=
github.com/corpix/uarand v0.2.0/go.mod h1:/Qv/wby5kQnVCEhYy4u64NtCw2tjdywS0Tp9ZN4dcK8=
github.com/davecgh/go-spew v1.1.0/go.mod h1:J7Y8YcW2NihsgmVo/mv3lAwl/skON4iLHjSsI+c5H38=
github.com/davecgh/go-spew v1.1.1 h1:vj9j/u1bqnvCEfJOwUhtlOARqs3+rkHYY13jYWTU97c=
github.com/golang/protobuf v1.3.2/go.mod h1:6lQm79b+lXiMfvg/cZm0SGofjICqVBUtrP5yJMmIC1U=
github.com/golang/protobuf v1.5.0/go.mod h1:FsONVRAS9T7sI+LIUmWTfcYkHO4aIWwzhcaSAoJOfIk=
github.com/golang/protobuf v1.5.2 h1:ROPKBNFfQgOUMifHyP+KYbvpjbdoFNs+aK7DXlji0Tw=
github.com/google/go-cmp v0.5.5/go.mod h1:v8dTdLbMG2kIc/vJvl+f65V22dbkXbowE6jgT/gNBxE=
github.com/google/go-cmp v0.5.9 h1:O2Tfq5qg4qc4AmwVlvv0oLiVAGB7enBSJ2x2DqQFi38=
github.com/google/go-github/v30 v30.1.0 h1:VLDx+UolQICEOKu2m4uAoMti1SxuEBAl7RSEG16L+Oo=
github.com/google/go-querystring v1.0.0/go.mod h1:odCYkC5MyYFN7vkCjXpyrEuKhc/BUO6wN/zVPAxq5ck=
github.com/google/go-querystring v1.1.0 h1:AnCroh3fv4ZBgVIf1Iwtovgjaw/GiKJo8M8yD/fhyJ8=
github.com/gorilla/websocket v1.5.0 h1:PPwGk2jz7EePpoHN/+ClbZu8SPxiqlu12wZP/3sWmnc=
github.com/miekg/dns v1.1.50 h1:DQUfb9uc6smULcREF09Uc+/Gd46YWqJd5DbpPE9xkcA=
github.com/pkg/errors v0.9.1 h1:FEBLx1zS214owpjy7qsBeixbURkuhQAwrK5UwLGTwt4=
github.com/pmezard/go-difflib v1.0.0 h1:4DBwDE0NGyQoBHbLQYPwSUPoCMWR5BEzIk/f1lZbAQM=
github.com/pmezard/go-difflib v1.0.0/go.mod h1:iKH77koFhYxTK1pcRnkKkqfTogsbg7gZNVY4sRDYZ/4=
github.com/projectdiscovery/blackrock v0.0.0-20210415162320-b38689ae3a2e h1:7Phf/HBzGOJyqoSW4e/Kn1SIiP3HXRFtYOn8l9nKYH4=
github.com/projectdiscovery/cdncheck v0.0.4-0.20220413175814-b47bc2d578b1 h1:Gq7fnY0joWbXUwT2XoMEgL3RTk1pLt8C86iUWSBlJUI=
github.com/projectdiscovery/clistats v0.0.8 h1:ZA5iJ2B8/x9r1GTfD2HhsNuPqoIdAYofdI4WznofWCI=
github.com/projectdiscovery/fdmax v0.0.4 h1:X4h620Skw/8qcL19HbU4H1+JYKm1A9aVgCbW6BCzk6A=
github.com/projectdiscovery/fileutil v0.0.0-20220215113056-ba188a0c8abc h1:VrR8q4hVYdEa/t0qI7Oia4MCyfLg/K4NIC7NolCyhS0=
github.com/projectdiscovery/goflags v0.1.6 h1:9y/EPyEr6N1j7cSLQJQcQNZWGfHslJ6g9nIAt1GcmnA=
github.com/projectdiscovery/gologger v1.1.8 h1:CFlCzGlqAhPug0J7c/ymILH1PDUwC42t/P1PglSxjXg=
github.com/projectdiscovery/hmap v0.0.1 h1:3gxZm6nVhOiK4k1N9cO61KvKGeKcB1Cjz1kCIGD/nlg=
github.com/projectdiscovery/httpx v1.3.0 h1:pa87yO/cA3tQ8VJQzGJkZgvejqURoD/4RFpVbPcFbM=
github.com/projectdiscovery/iputil v0.0.0-20210804143329-3a30fcde43f3 h1:3hMpz0u1Qz4ljCQH9OS/vPWo3kyKDCsaDqXyYqGYd2E=
github.com/projectdiscovery/mapcidr v1.0.3 h1:CIE3K1Fup8Z1j0YrEFiN1LrnInFOK7hTqd45a9CPHmY=
github.com/projectdiscovery/naabu/v2 v2.1.0 h1:mtd9pO9ZvzTZ60fjCbgHhv7e2bA9XjqS3V4z7LulOZ0=
github.com/projectdiscovery/networkpolicy v0.0.1 h1:wVbhZb5+3U7FAE8yXPHjMGBK0jO0s8G78Ux/jxUkmTc=
github.com/projectdiscovery/nuclei/v2 v2.9.0 h1:VlOJL6Bz2HgIfHTASXJ7H65NxjvTYqKR0WkPtzx/K0A=
github.com/projectdiscovery/ratelimit v0.0.0-20220222133119-eff1a2f74f01 h1:md02h6kdvLmI0cP85HzV20GvRTP5tB06W5r5jNwwO/k=
github.com/projectdiscovery/retryabledns v1.0.13-0.20211109182249-43d38df59660 h1:PhfN0QKZg6yB7kU+J46bC8DNh73HUYOSlQ9uOo/TJ98=
github.com/projectdiscovery/retryablehttp-go v1.0.2 h1:LV9H44uaP0GpWz0lZ7N7T+VqDce6fXni0I87nzVwCrc=
github.com/projectdiscovery/sliceutil v0.0.0-20220215153903-ca634c5b6d96 h1:cKPY2dD+jAMoU2wh7pLUKmXz8pKc65pA7Nkk0kQ85mQ=
github.com/projectdiscovery/stringsutil v0.0.0-20220215152158-0544b963db03 h1:uqQYc0wQpLhwC7cG4KvwV3TFaGZPaoX9X4JZ+sGt1Rs=
github.com/projectdiscovery/subfinder/v2 v2.6.0 h1:13a3XGhhQwP0C/QvFfKZqzO/co6eFQz2eNAE7/3GQrU=
github.com/remeh/sizedwaitgroup v1.0.0 h1:VNGGFwNo/R5+MJBf6yrsr110p0m4/OX4S3DCy7Kyl5E=
github.com/rs/xid v1.4.0 h1:qd7wPTDkN6KQx2VmMBLrpHkiyQhF+3hxT2UxUV9QJR4=
github.com/saintfish/chardet v0.0.0-20120816061221-3af4cd4741ca h1:NugYot0LIVPxTvN8n+Kvkn6TrbMyxQiuvKdEwFdR9vI=
github.com/stretchr/objx v0.1.0/go.mod h1:HFkY916IF+rwdDfMAkV7OtwuqBVzrE8GR6GFx+wExME=
github.com/stretchr/testify v1.7.0/go.mod h1:6Fq8oRcR53rry900zMqJjRRixrwX3KX962/h/Wwjteg=
github.com/stretchr/testify v1.8.1 h1:w7B6lhMri9wdJUVmEZPGGhZzrYTPvgJArz7wNPgYKsk=
github.com/tomnomnom/assetfinder v0.1.1-0.20200807155906-5f1b5ca49109 h1:iuVriqBrzR2oH4TdR0YnuDGsebGLzN28iE0/j7fQqek=
github.com/tomnomnom/waybackurls v0.1.0 h1:lnjS/7LdaFwPua199l1HLeBq5KZJARJiNt0JRM9Hmcw=
go.uber.org/atomic v1.10.0 h1:9qC72Qh0+3MqyJbAn8YU5xVq1frD8bn3JtD2oXtafVQ=
golang.org/x/crypto v0.5.0 h1:U/0M97KRkSFvyD/3FSmdP5W5swImpNgle/EHFhOsQPE=
golang.org/x/mod v0.6.0-dev.0.20220419223038-86c51ed26bb4/go.mod h1:jJ57K6gSWd91VN4djpZkiMVwK6gcyfeH4XE8wZrZaV4=
golang.org/x/net v0.0.0-20210726213435-c6fcb2dbf985/go.mod h1:9nx3DQGgdP8bBQD5qxJ1jj9UTztislL4KSBs9R2vV5Y=
golang.org/x/net v0.5.0 h1:GyT4nK/YDHSqa1c4753ouYCDajOYKTja9Xb/OHtgvSw=
golang.org/x/oauth2 v0.4.0 h1:NF0gk8LVPg1Ml7SSbGyySuoxdsXitj7TvgvuRxIMc/M=
golang.org/x/sync v0.0.0-20210220032951-036812b2e83c/go.mod h1:RxMgew5VJxzue5/jJTE5uejpjVlOe/izrB70Jof72aM=
golang.org/x/sys v0.0.0-20201119102817-f84b799fce68/go.mod h1:h1NjWce9XRLGQEsW7wpKNCjG9DtNlClVuFLEZdDNbEs=
golang.org/x/sys v0.0.0-20210630005230-0f9fa26af87c/go.mod h1:oPkhp1MJrh7nUepCBck5+mAzfO9JrbApNNgaTdGDITg=
golang.org/x/sys v0.4.0 h1:Zr2JFtRQNX3BCZ8YtxRE9hNJYC8J6I1MVbMg6owUp18=
golang.org/x/term v0.0.0-20201126162022-7de9c90e9dd1/go.mod h1:bj7SfCRtBDWHUb9snDiAeCFNEtKQo2Wmx5Cou7ajbmo=
golang.org/x/text v0.3.6/go.mod h1:5Zoc/QRtKVWzQhOtBMvqHzDpF6irO9z98xDceosuGiQ=
golang.org/x/tools v0.1.6-0.20210726203631-07bc1bf47fb2/go.mod h1:o0xws9oXOQQZyjljx8fwUC0k7L1pTE6eaCbjGeHmOkk=
golang.org/x/xerrors v0.0.0-20191204190536-9bdfabe68543/go.mod h1:I/5z698sn9Ka8TeJc9MKroUUfqBBauWjQqLJ2OPfmY0=
google.golang.org/appengine v1.6.7 h1:FZR1q0exgwxzPzp/aF+VccGrSfxfPpkBqjIIEq3ru6c=
google.golang.org/protobuf v1.26.0-rc.1/go.mod h1:jlhhOSvTdKEhbULTjvd4ARK9grFBp09yW+WbY/TyQbw=
google.golang.org/protobuf v1.28.1 h1:d0NfwRgPtno5B1Wa6L2DAG+KivqkdutMf1UhdNx175w=
gopkg.in/check.v1 v0.0.0-20161208181325-20d25e280405/go.mod h1:Co6ibVJAznAaIkqp8huTwlJQCZ016jof/cbN4VW5Yz0=
gopkg.in/yaml.v2 v2.4.0 h1:D8xgwECY7CYvx+Y2n4sBz93Jn9JRvxdiyyo8CTfuKaY=
gopkg.in/yaml.v3 v3.0.0-20200313102051-9f266ea9e77c/go.mod h1:K4uyk7z7BCEPqu6E+C64Yfv1cQ7kz7rIZviUmN+EgEM=
gopkg.in/yaml.v3 v3.0.1 h1:fxVm/GzAzEWqLHuvctI91KS9hhNmmWOoWu0XTYJS7CA=